
Microsoft Visual Studio Solution File, Format Version 12.00
# Visual Studio Version 16
VisualStudioVersion = 16.0.30907.101
MinimumVisualStudioVersion = 10.0.40219.1
Project("{FAE04EC0-301F-11D3-BF4B-00C04F79EFBC}") = "SortEven", "SortEven\SortEven.csproj", "{8A591B1F-20F7-4EFD-BFB7-6DDC561FFDD6}"
EndProject
Project("{FAE04EC0-301F-11D3-BF4B-00C04F79EFBC}") = "SumNumbers", "SumNumbers\SumNumbers.csproj", "{72739B12-A4AE-405C-A3B8-91E7406B9164}"
EndProject
Project("{FAE04EC0-301F-11D3-BF4B-00C04F79EFBC}") = "UppercaseWords", "UppercaseWords\UppercaseWords.csproj", "{E0AA5A43-40F1-4E58-9166-5FA33AD72C91}"
EndProject
Project("{FAE04EC0-301F-11D3-BF4B-00C04F79EFBC}") = "AddVAT", "AddVAT\AddVAT.csproj", "{EAD156A7-4E6D-45F4-B898-30D22D06D23B}"
EndProject
Project("{FAE04EC0-301F-11D3-BF4B-00C04F79EFBC}") = "FilterByAge", "FilterByAge\FilterByAge.csproj", "{11E99D64-AAE9-4BDB-868D-2EA3A71A2230}"
EndProject
Global
	GlobalSection(SolutionConfigurationPlatforms) = preSolution
		Debug|Any CPU = Debug|Any CPU
		Release|Any CPU = Release|Any CPU
	EndGlobalSection
	GlobalSection(ProjectConfigurationPlatforms) = postSolution
		{8A591B1F-20F7-4EFD-BFB7-6DDC561FFDD6}.Debug|Any CPU.ActiveCfg = Debug|Any CPU
		{8A591B1F-20F7-4EFD-BFB7-6DDC561FFDD6}.Debug|Any CPU.Build.0 = Debug|Any CPU
		{8A591B1F-20F7-4EFD-BFB7-6DDC561FFDD6}.Release|Any CPU.ActiveCfg = Release|Any CPU
		{8A591B1F-20F7-4EFD-BFB7-6DDC561FFDD6}.Release|Any CPU.Build.0 = Release|Any CPU
		{72739B12-A4AE-405C-A3B8-91E7406B9164}.Debug|Any CPU.ActiveCfg = Debug|Any CPU
		{72739B12-A4AE-405C-A3B8-91E7406B9164}.Debug|Any CPU.Build.0 = Debug|Any CPU
		{72739B12-A4AE-405C-A3B8-91E7406B9164}.Release|Any CPU.ActiveCfg = Release|Any CPU
		{72739B12-A4AE-405C-A3B8-91E7406B9164}.Release|Any CPU.Build.0 = Release|Any CPU
		{E0AA5A43-40F1-4E58-9166-5FA33AD72C91}.Debug|Any CPU.ActiveCfg = Debug|Any CPU
		{E0AA5A43-40F1-4E58-9166-5FA33AD72C91}.Debug|Any CPU.Build.0 = Debug|Any CPU
		{E0AA5A43-40F1-4E58-9166-5FA33AD72C91}.Release|Any CPU.ActiveCfg = Release|Any CPU
		{E0AA5A43-40F1-4E58-9166-5FA33AD72C91}.Release|Any CPU.Build.0 = Release|Any CPU
		{EAD156A7-4E6D-45F4-B898-30D22D06D23B}.Debug|Any CPU.ActiveCfg = Debug|Any CPU
		{EAD156A7-4E6D-45F4-B898-30D22D06D23B}.Debug|Any CPU.Build.0 = Debug|Any CPU
		{EAD156A7-4E6D-45F4-B898-30D22D06D23B}.Release|Any CPU.ActiveCfg = Release|Any CPU
		{EAD156A7-4E6D-45F4-B898-30D22D06D23B}.Release|Any CPU.Build.0 = Release|Any CPU
		{11E99D64-AAE9-4BDB-868D-2EA3A71A2230}.Debug|Any CPU.ActiveCfg = Debug|Any CPU
		{11E99D64-AAE9-4BDB-868D-2EA3A71A2230}.Debug|Any CPU.Build.0 = Debug|Any CPU
		{11E99D64-AAE9-4BDB-868D-2EA3A71A2230}.Release|Any CPU.ActiveCfg = Release|Any CPU
		{11E99D64-AAE9-4BDB-868D-2EA3A71A2230}.Release|Any CPU.Build.0 = Release|Any CPU
	EndGlobalSection
	GlobalSection(SolutionProperties) = preSolution
		HideSolutionNode = FALSE
	EndGlobalSection
	GlobalSection(ExtensibilityGlobals) = postSolution
		SolutionGuid = {4EAC09DA-BEE9-4DD3-A22B-2FB093EA6B20}
	EndGlobalSection
EndGlobal
