
Microsoft Visual Studio Solution File, Format Version 12.00
# Visual Studio Version 16
VisualStudioVersion = 16.0.30907.101
MinimumVisualStudioVersion = 10.0.40219.1
Project("{FAE04EC0-301F-11D3-BF4B-00C04F79EFBC}") = "SortEven", "SortEven\SortEven.csproj", "{8A591B1F-20F7-4EFD-BFB7-6DDC561FFDD6}"
EndProject
Project("{FAE04EC0-301F-11D3-BF4B-00C04F79EFBC}") = "SumNumbers", "SumNumbers\SumNumbers.csproj", "{72739B12-A4AE-405C-A3B8-91E7406B9164}"
EndProject
Global
	GlobalSection(SolutionConfigurationPlatforms) = preSolution
		Debug|Any CPU = Debug|Any CPU
		Release|Any CPU = Release|Any CPU
	EndGlobalSection
	GlobalSection(ProjectConfigurationPlatforms) = postSolution
		{8A591B1F-20F7-4EFD-BFB7-6DDC561FFDD6}.Debug|Any CPU.ActiveCfg = Debug|Any CPU
		{8A591B1F-20F7-4EFD-BFB7-6DDC561FFDD6}.Debug|Any CPU.Build.0 = Debug|Any CPU
		{8A591B1F-20F7-4EFD-BFB7-6DDC561FFDD6}.Release|Any CPU.ActiveCfg = Release|Any CPU
		{8A591B1F-20F7-4EFD-BFB7-6DDC561FFDD6}.Release|Any CPU.Build.0 = Release|Any CPU
		{72739B12-A4AE-405C-A3B8-91E7406B9164}.Debug|Any CPU.ActiveCfg = Debug|Any CPU
		{72739B12-A4AE-405C-A3B8-91E7406B9164}.Debug|Any CPU.Build.0 = Debug|Any CPU
		{72739B12-A4AE-405C-A3B8-91E7406B9164}.Release|Any CPU.ActiveCfg = Release|Any CPU
		{72739B12-A4AE-405C-A3B8-91E7406B9164}.Release|Any CPU.Build.0 = Release|Any CPU
	EndGlobalSection
	GlobalSection(SolutionProperties) = preSolution
		HideSolutionNode = FALSE
	EndGlobalSection
	GlobalSection(ExtensibilityGlobals) = postSolution
		SolutionGuid = {4EAC09DA-BEE9-4DD3-A22B-2FB093EA6B20}
	EndGlobalSection
EndGlobal
