
Microsoft Visual Studio Solution File, Format Version 12.00
# Visual Studio Version 16
VisualStudioVersion = 16.0.30907.101
MinimumVisualStudioVersion = 10.0.40219.1
Project("{FAE04EC0-301F-11D3-BF4B-00C04F79EFBC}") = "1. Basic Stack Operations", "1. Basic Stack Operations\1. Basic Stack Operations.csproj", "{7A450280-A2D3-4EDE-A152-23BCA39AE8DF}"
EndProject
Global
	GlobalSection(SolutionConfigurationPlatforms) = preSolution
		Debug|Any CPU = Debug|Any CPU
		Release|Any CPU = Release|Any CPU
	EndGlobalSection
	GlobalSection(ProjectConfigurationPlatforms) = postSolution
		{7A450280-A2D3-4EDE-A152-23BCA39AE8DF}.Debug|Any CPU.ActiveCfg = Debug|Any CPU
		{7A450280-A2D3-4EDE-A152-23BCA39AE8DF}.Debug|Any CPU.Build.0 = Debug|Any CPU
		{7A450280-A2D3-4EDE-A152-23BCA39AE8DF}.Release|Any CPU.ActiveCfg = Release|Any CPU
		{7A450280-A2D3-4EDE-A152-23BCA39AE8DF}.Release|Any CPU.Build.0 = Release|Any CPU
	EndGlobalSection
	GlobalSection(SolutionProperties) = preSolution
		HideSolutionNode = FALSE
	EndGlobalSection
	GlobalSection(ExtensibilityGlobals) = postSolution
		SolutionGuid = {B6FEA26B-7692-48BB-B933-8CAA944F9D86}
	EndGlobalSection
EndGlobal
