
Microsoft Visual Studio Solution File, Format Version 12.00
# Visual Studio Version 16
VisualStudioVersion = 16.0.30907.101
MinimumVisualStudioVersion = 10.0.40219.1
Project("{9A19103F-16F7-4668-BE54-9A1E7A4F7556}") = "1. Basic Stack Operations", "1. Basic Stack Operations\1. Basic Stack Operations.csproj", "{7A450280-A2D3-4EDE-A152-23BCA39AE8DF}"
EndProject
Project("{9A19103F-16F7-4668-BE54-9A1E7A4F7556}") = "BasicQueueOperations", "BasicQueueOperations\BasicQueueOperations.csproj", "{6730BE03-F09D-4505-BF06-124B12BE8921}"
EndProject
Project("{9A19103F-16F7-4668-BE54-9A1E7A4F7556}") = "FastFood", "FastFood\FastFood.csproj", "{45B1983F-E087-41D5-976F-E385C559B308}"
EndProject
Project("{9A19103F-16F7-4668-BE54-9A1E7A4F7556}") = "SongQueue", "SongQueue\SongQueue.csproj", "{9A20FA6C-685D-4266-B148-A8EA82232BDF}"
EndProject
Project("{FAE04EC0-301F-11D3-BF4B-00C04F79EFBC}") = "MaximumAndMinimum Element", "MaximumAndMinimum Element\MaximumAndMinimum Element.csproj", "{0B5F1CA3-8DD2-4A5C-B198-D70BE6D419F5}"
EndProject
Project("{FAE04EC0-301F-11D3-BF4B-00C04F79EFBC}") = "FashionBoutique", "FashionBoutique\FashionBoutique.csproj", "{5BEE4ED5-EFF2-44E0-9940-5F6F973489C0}"
EndProject
Project("{FAE04EC0-301F-11D3-BF4B-00C04F79EFBC}") = "TruckTour", "TruckTour\TruckTour.csproj", "{47B83F79-9146-4C65-8422-175280F28805}"
EndProject
Global
	GlobalSection(SolutionConfigurationPlatforms) = preSolution
		Debug|Any CPU = Debug|Any CPU
		Release|Any CPU = Release|Any CPU
	EndGlobalSection
	GlobalSection(ProjectConfigurationPlatforms) = postSolution
		{7A450280-A2D3-4EDE-A152-23BCA39AE8DF}.Debug|Any CPU.ActiveCfg = Debug|Any CPU
		{7A450280-A2D3-4EDE-A152-23BCA39AE8DF}.Debug|Any CPU.Build.0 = Debug|Any CPU
		{7A450280-A2D3-4EDE-A152-23BCA39AE8DF}.Release|Any CPU.ActiveCfg = Release|Any CPU
		{7A450280-A2D3-4EDE-A152-23BCA39AE8DF}.Release|Any CPU.Build.0 = Release|Any CPU
		{6730BE03-F09D-4505-BF06-124B12BE8921}.Debug|Any CPU.ActiveCfg = Debug|Any CPU
		{6730BE03-F09D-4505-BF06-124B12BE8921}.Debug|Any CPU.Build.0 = Debug|Any CPU
		{6730BE03-F09D-4505-BF06-124B12BE8921}.Release|Any CPU.ActiveCfg = Release|Any CPU
		{6730BE03-F09D-4505-BF06-124B12BE8921}.Release|Any CPU.Build.0 = Release|Any CPU
		{45B1983F-E087-41D5-976F-E385C559B308}.Debug|Any CPU.ActiveCfg = Debug|Any CPU
		{45B1983F-E087-41D5-976F-E385C559B308}.Debug|Any CPU.Build.0 = Debug|Any CPU
		{45B1983F-E087-41D5-976F-E385C559B308}.Release|Any CPU.ActiveCfg = Release|Any CPU
		{45B1983F-E087-41D5-976F-E385C559B308}.Release|Any CPU.Build.0 = Release|Any CPU
		{9A20FA6C-685D-4266-B148-A8EA82232BDF}.Debug|Any CPU.ActiveCfg = Debug|Any CPU
		{9A20FA6C-685D-4266-B148-A8EA82232BDF}.Debug|Any CPU.Build.0 = Debug|Any CPU
		{9A20FA6C-685D-4266-B148-A8EA82232BDF}.Release|Any CPU.ActiveCfg = Release|Any CPU
		{9A20FA6C-685D-4266-B148-A8EA82232BDF}.Release|Any CPU.Build.0 = Release|Any CPU
		{0B5F1CA3-8DD2-4A5C-B198-D70BE6D419F5}.Debug|Any CPU.ActiveCfg = Debug|Any CPU
		{0B5F1CA3-8DD2-4A5C-B198-D70BE6D419F5}.Debug|Any CPU.Build.0 = Debug|Any CPU
		{0B5F1CA3-8DD2-4A5C-B198-D70BE6D419F5}.Release|Any CPU.ActiveCfg = Release|Any CPU
		{0B5F1CA3-8DD2-4A5C-B198-D70BE6D419F5}.Release|Any CPU.Build.0 = Release|Any CPU
		{5BEE4ED5-EFF2-44E0-9940-5F6F973489C0}.Debug|Any CPU.ActiveCfg = Debug|Any CPU
		{5BEE4ED5-EFF2-44E0-9940-5F6F973489C0}.Debug|Any CPU.Build.0 = Debug|Any CPU
		{5BEE4ED5-EFF2-44E0-9940-5F6F973489C0}.Release|Any CPU.ActiveCfg = Release|Any CPU
		{5BEE4ED5-EFF2-44E0-9940-5F6F973489C0}.Release|Any CPU.Build.0 = Release|Any CPU
		{47B83F79-9146-4C65-8422-175280F28805}.Debug|Any CPU.ActiveCfg = Debug|Any CPU
		{47B83F79-9146-4C65-8422-175280F28805}.Debug|Any CPU.Build.0 = Debug|Any CPU
		{47B83F79-9146-4C65-8422-175280F28805}.Release|Any CPU.ActiveCfg = Release|Any CPU
		{47B83F79-9146-4C65-8422-175280F28805}.Release|Any CPU.Build.0 = Release|Any CPU
	EndGlobalSection
	GlobalSection(SolutionProperties) = preSolution
		HideSolutionNode = FALSE
	EndGlobalSection
	GlobalSection(ExtensibilityGlobals) = postSolution
		SolutionGuid = {B6FEA26B-7692-48BB-B933-8CAA944F9D86}
	EndGlobalSection
EndGlobal
