
Microsoft Visual Studio Solution File, Format Version 12.00
# Visual Studio Version 16
VisualStudioVersion = 16.0.30907.101
MinimumVisualStudioVersion = 10.0.40219.1
Project("{FAE04EC0-301F-11D3-BF4B-00C04F79EFBC}") = "01ConvertMetersToKilometers", "01ConvertMetersToKilometers\01ConvertMetersToKilometers.csproj", "{3DFF7496-4EE9-4E67-BD16-9F36C4EE3F8D}"
EndProject
Global
	GlobalSection(SolutionConfigurationPlatforms) = preSolution
		Debug|Any CPU = Debug|Any CPU
		Release|Any CPU = Release|Any CPU
	EndGlobalSection
	GlobalSection(ProjectConfigurationPlatforms) = postSolution
		{3DFF7496-4EE9-4E67-BD16-9F36C4EE3F8D}.Debug|Any CPU.ActiveCfg = Debug|Any CPU
		{3DFF7496-4EE9-4E67-BD16-9F36C4EE3F8D}.Debug|Any CPU.Build.0 = Debug|Any CPU
		{3DFF7496-4EE9-4E67-BD16-9F36C4EE3F8D}.Release|Any CPU.ActiveCfg = Release|Any CPU
		{3DFF7496-4EE9-4E67-BD16-9F36C4EE3F8D}.Release|Any CPU.Build.0 = Release|Any CPU
	EndGlobalSection
	GlobalSection(SolutionProperties) = preSolution
		HideSolutionNode = FALSE
	EndGlobalSection
	GlobalSection(ExtensibilityGlobals) = postSolution
		SolutionGuid = {7AC680AB-3493-4766-87BA-A92923A43B7F}
	EndGlobalSection
EndGlobal
