
Microsoft Visual Studio Solution File, Format Version 12.00
# Visual Studio Version 17
VisualStudioVersion = 17.0.32126.317
MinimumVisualStudioVersion = 10.0.40219.1
Project("{FAE04EC0-301F-11D3-BF4B-00C04F79EFBC}") = "AsyncTask", "AsyncTask\AsyncTask.csproj", "{51640473-734C-40B2-BAFB-B55A0ED6819B}"
EndProject
Project("{FAE04EC0-301F-11D3-BF4B-00C04F79EFBC}") = "Sum Primes in Background", "Sum Primes in Background\Sum Primes in Background.csproj", "{E8E96E44-E6EE-4AF3-AEB8-19F1586E63AF}"
EndProject
Project("{FAE04EC0-301F-11D3-BF4B-00C04F79EFBC}") = "BuildInAsyncMethods", "BuildInAsyncMethods\BuildInAsyncMethods.csproj", "{9C2A087D-BF55-4F7E-8DAF-178F9C58921A}"
EndProject
Global
	GlobalSection(SolutionConfigurationPlatforms) = preSolution
		Debug|Any CPU = Debug|Any CPU
		Release|Any CPU = Release|Any CPU
	EndGlobalSection
	GlobalSection(ProjectConfigurationPlatforms) = postSolution
		{51640473-734C-40B2-BAFB-B55A0ED6819B}.Debug|Any CPU.ActiveCfg = Debug|Any CPU
		{51640473-734C-40B2-BAFB-B55A0ED6819B}.Debug|Any CPU.Build.0 = Debug|Any CPU
		{51640473-734C-40B2-BAFB-B55A0ED6819B}.Release|Any CPU.ActiveCfg = Release|Any CPU
		{51640473-734C-40B2-BAFB-B55A0ED6819B}.Release|Any CPU.Build.0 = Release|Any CPU
		{E8E96E44-E6EE-4AF3-AEB8-19F1586E63AF}.Debug|Any CPU.ActiveCfg = Debug|Any CPU
		{E8E96E44-E6EE-4AF3-AEB8-19F1586E63AF}.Debug|Any CPU.Build.0 = Debug|Any CPU
		{E8E96E44-E6EE-4AF3-AEB8-19F1586E63AF}.Release|Any CPU.ActiveCfg = Release|Any CPU
		{E8E96E44-E6EE-4AF3-AEB8-19F1586E63AF}.Release|Any CPU.Build.0 = Release|Any CPU
		{9C2A087D-BF55-4F7E-8DAF-178F9C58921A}.Debug|Any CPU.ActiveCfg = Debug|Any CPU
		{9C2A087D-BF55-4F7E-8DAF-178F9C58921A}.Debug|Any CPU.Build.0 = Debug|Any CPU
		{9C2A087D-BF55-4F7E-8DAF-178F9C58921A}.Release|Any CPU.ActiveCfg = Release|Any CPU
		{9C2A087D-BF55-4F7E-8DAF-178F9C58921A}.Release|Any CPU.Build.0 = Release|Any CPU
	EndGlobalSection
	GlobalSection(SolutionProperties) = preSolution
		HideSolutionNode = FALSE
	EndGlobalSection
	GlobalSection(ExtensibilityGlobals) = postSolution
		SolutionGuid = {8C1EBE72-1592-4916-B55E-63D9534FE536}
	EndGlobalSection
EndGlobal
