
Microsoft Visual Studio Solution File, Format Version 12.00
# Visual Studio Version 16
VisualStudioVersion = 16.0.30907.101
MinimumVisualStudioVersion = 10.0.40219.1
Project("{9A19103F-16F7-4668-BE54-9A1E7A4F7556}") = "01Ages", "01Ages\01Ages.csproj", "{B17640DC-3D2F-4DE4-BD46-7A5C3C81C515}"
EndProject
Project("{9A19103F-16F7-4668-BE54-9A1E7A4F7556}") = "03Vacation", "03Vacation\03Vacation.csproj", "{882E2858-AC03-43AF-96B0-EAF95FCB2676}"
EndProject
Project("{9A19103F-16F7-4668-BE54-9A1E7A4F7556}") = "02Division", "02Division\02Division.csproj", "{23AED2A9-9C28-41BC-9D2F-7F0CE61DB709}"
EndProject
Project("{9A19103F-16F7-4668-BE54-9A1E7A4F7556}") = "04PrintAndSum", "04PrintAndSum\04PrintAndSum.csproj", "{C12DF3EB-CE99-452F-A606-A40BF59C3822}"
EndProject
Project("{9A19103F-16F7-4668-BE54-9A1E7A4F7556}") = "05Login", "05Login\05Login.csproj", "{D6D92539-D258-458C-9E3A-EA3DCE11770A}"
EndProject
Project("{9A19103F-16F7-4668-BE54-9A1E7A4F7556}") = "06StrongNumber", "06StrongNumber\06StrongNumber.csproj", "{6CFAE42B-A56D-4575-8292-A94C4E9146D6}"
EndProject
Project("{9A19103F-16F7-4668-BE54-9A1E7A4F7556}") = "07VendingMachine", "07VendingMachine\07VendingMachine.csproj", "{8F106683-97D3-45AF-ADF3-A66D2003CEDC}"
EndProject
Project("{9A19103F-16F7-4668-BE54-9A1E7A4F7556}") = "08TriangleOfNumbers", "08TriangleOfNumbers\08TriangleOfNumbers.csproj", "{B2BB228F-47CB-4220-96F6-D217437B797F}"
EndProject
Project("{FAE04EC0-301F-11D3-BF4B-00C04F79EFBC}") = "09PadwanEquipment", "09PadwanEquipment\09PadwanEquipment.csproj", "{1CCFDD9F-E30F-4FB6-8C90-5258AC450B7D}"
EndProject
Global
	GlobalSection(SolutionConfigurationPlatforms) = preSolution
		Debug|Any CPU = Debug|Any CPU
		Release|Any CPU = Release|Any CPU
	EndGlobalSection
	GlobalSection(ProjectConfigurationPlatforms) = postSolution
		{B17640DC-3D2F-4DE4-BD46-7A5C3C81C515}.Debug|Any CPU.ActiveCfg = Debug|Any CPU
		{B17640DC-3D2F-4DE4-BD46-7A5C3C81C515}.Debug|Any CPU.Build.0 = Debug|Any CPU
		{B17640DC-3D2F-4DE4-BD46-7A5C3C81C515}.Release|Any CPU.ActiveCfg = Release|Any CPU
		{B17640DC-3D2F-4DE4-BD46-7A5C3C81C515}.Release|Any CPU.Build.0 = Release|Any CPU
		{882E2858-AC03-43AF-96B0-EAF95FCB2676}.Debug|Any CPU.ActiveCfg = Debug|Any CPU
		{882E2858-AC03-43AF-96B0-EAF95FCB2676}.Debug|Any CPU.Build.0 = Debug|Any CPU
		{882E2858-AC03-43AF-96B0-EAF95FCB2676}.Release|Any CPU.ActiveCfg = Release|Any CPU
		{882E2858-AC03-43AF-96B0-EAF95FCB2676}.Release|Any CPU.Build.0 = Release|Any CPU
		{23AED2A9-9C28-41BC-9D2F-7F0CE61DB709}.Debug|Any CPU.ActiveCfg = Debug|Any CPU
		{23AED2A9-9C28-41BC-9D2F-7F0CE61DB709}.Debug|Any CPU.Build.0 = Debug|Any CPU
		{23AED2A9-9C28-41BC-9D2F-7F0CE61DB709}.Release|Any CPU.ActiveCfg = Release|Any CPU
		{23AED2A9-9C28-41BC-9D2F-7F0CE61DB709}.Release|Any CPU.Build.0 = Release|Any CPU
		{C12DF3EB-CE99-452F-A606-A40BF59C3822}.Debug|Any CPU.ActiveCfg = Debug|Any CPU
		{C12DF3EB-CE99-452F-A606-A40BF59C3822}.Debug|Any CPU.Build.0 = Debug|Any CPU
		{C12DF3EB-CE99-452F-A606-A40BF59C3822}.Release|Any CPU.ActiveCfg = Release|Any CPU
		{C12DF3EB-CE99-452F-A606-A40BF59C3822}.Release|Any CPU.Build.0 = Release|Any CPU
		{D6D92539-D258-458C-9E3A-EA3DCE11770A}.Debug|Any CPU.ActiveCfg = Debug|Any CPU
		{D6D92539-D258-458C-9E3A-EA3DCE11770A}.Debug|Any CPU.Build.0 = Debug|Any CPU
		{D6D92539-D258-458C-9E3A-EA3DCE11770A}.Release|Any CPU.ActiveCfg = Release|Any CPU
		{D6D92539-D258-458C-9E3A-EA3DCE11770A}.Release|Any CPU.Build.0 = Release|Any CPU
		{6CFAE42B-A56D-4575-8292-A94C4E9146D6}.Debug|Any CPU.ActiveCfg = Debug|Any CPU
		{6CFAE42B-A56D-4575-8292-A94C4E9146D6}.Debug|Any CPU.Build.0 = Debug|Any CPU
		{6CFAE42B-A56D-4575-8292-A94C4E9146D6}.Release|Any CPU.ActiveCfg = Release|Any CPU
		{6CFAE42B-A56D-4575-8292-A94C4E9146D6}.Release|Any CPU.Build.0 = Release|Any CPU
		{8F106683-97D3-45AF-ADF3-A66D2003CEDC}.Debug|Any CPU.ActiveCfg = Debug|Any CPU
		{8F106683-97D3-45AF-ADF3-A66D2003CEDC}.Debug|Any CPU.Build.0 = Debug|Any CPU
		{8F106683-97D3-45AF-ADF3-A66D2003CEDC}.Release|Any CPU.ActiveCfg = Release|Any CPU
		{8F106683-97D3-45AF-ADF3-A66D2003CEDC}.Release|Any CPU.Build.0 = Release|Any CPU
		{B2BB228F-47CB-4220-96F6-D217437B797F}.Debug|Any CPU.ActiveCfg = Debug|Any CPU
		{B2BB228F-47CB-4220-96F6-D217437B797F}.Debug|Any CPU.Build.0 = Debug|Any CPU
		{B2BB228F-47CB-4220-96F6-D217437B797F}.Release|Any CPU.ActiveCfg = Release|Any CPU
		{B2BB228F-47CB-4220-96F6-D217437B797F}.Release|Any CPU.Build.0 = Release|Any CPU
		{1CCFDD9F-E30F-4FB6-8C90-5258AC450B7D}.Debug|Any CPU.ActiveCfg = Debug|Any CPU
		{1CCFDD9F-E30F-4FB6-8C90-5258AC450B7D}.Debug|Any CPU.Build.0 = Debug|Any CPU
		{1CCFDD9F-E30F-4FB6-8C90-5258AC450B7D}.Release|Any CPU.ActiveCfg = Release|Any CPU
		{1CCFDD9F-E30F-4FB6-8C90-5258AC450B7D}.Release|Any CPU.Build.0 = Release|Any CPU
	EndGlobalSection
	GlobalSection(SolutionProperties) = preSolution
		HideSolutionNode = FALSE
	EndGlobalSection
	GlobalSection(ExtensibilityGlobals) = postSolution
		SolutionGuid = {6F41F901-2B48-45FC-A872-78AA35D25641}
	EndGlobalSection
EndGlobal
