
Microsoft Visual Studio Solution File, Format Version 12.00
# Visual Studio Version 16
VisualStudioVersion = 16.0.30907.101
MinimumVisualStudioVersion = 10.0.40219.1
Project("{9A19103F-16F7-4668-BE54-9A1E7A4F7556}") = "01ConvertMetersToKilometers", "01ConvertMetersToKilometers\01ConvertMetersToKilometers.csproj", "{0388DB90-165E-4A0D-856C-63D88A896B7C}"
EndProject
Project("{9A19103F-16F7-4668-BE54-9A1E7A4F7556}") = "02PoundsToDollars", "02PoundsToDollars\02PoundsToDollars.csproj", "{3966AEF7-CE99-44F7-945F-4F6E8ADDEBD4}"
EndProject
Project("{9A19103F-16F7-4668-BE54-9A1E7A4F7556}") = "03ExactSumOfRealNumbers", "03ExactSumOfRealNumbers\03ExactSumOfRealNumbers.csproj", "{205E6E43-E2FE-4A18-8DBE-64B123A46C1B}"
EndProject
Project("{9A19103F-16F7-4668-BE54-9A1E7A4F7556}") = "04CenturiesToMinutes", "04CenturiesToMinutes\04CenturiesToMinutes.csproj", "{FB2B317E-F634-4CAA-8579-82995A2AE06F}"
EndProject
Project("{FAE04EC0-301F-11D3-BF4B-00C04F79EFBC}") = "08", "ConsoleApp1\08.csproj", "{9B5367C3-62EE-47D8-8FF5-3698C749EA2D}"
EndProject
Project("{FAE04EC0-301F-11D3-BF4B-00C04F79EFBC}") = "09", "09\09.csproj", "{831FE350-F95D-47CF-A2C8-9CB4AD7D61D6}"
EndProject
Project("{FAE04EC0-301F-11D3-BF4B-00C04F79EFBC}") = "10", "10\10.csproj", "{623C2EAD-ADFC-424A-8C27-5E2379B8A54F}"
EndProject
Global
	GlobalSection(SolutionConfigurationPlatforms) = preSolution
		Debug|Any CPU = Debug|Any CPU
		Release|Any CPU = Release|Any CPU
	EndGlobalSection
	GlobalSection(ProjectConfigurationPlatforms) = postSolution
		{0388DB90-165E-4A0D-856C-63D88A896B7C}.Debug|Any CPU.ActiveCfg = Debug|Any CPU
		{0388DB90-165E-4A0D-856C-63D88A896B7C}.Debug|Any CPU.Build.0 = Debug|Any CPU
		{0388DB90-165E-4A0D-856C-63D88A896B7C}.Release|Any CPU.ActiveCfg = Release|Any CPU
		{0388DB90-165E-4A0D-856C-63D88A896B7C}.Release|Any CPU.Build.0 = Release|Any CPU
		{3966AEF7-CE99-44F7-945F-4F6E8ADDEBD4}.Debug|Any CPU.ActiveCfg = Debug|Any CPU
		{3966AEF7-CE99-44F7-945F-4F6E8ADDEBD4}.Debug|Any CPU.Build.0 = Debug|Any CPU
		{3966AEF7-CE99-44F7-945F-4F6E8ADDEBD4}.Release|Any CPU.ActiveCfg = Release|Any CPU
		{3966AEF7-CE99-44F7-945F-4F6E8ADDEBD4}.Release|Any CPU.Build.0 = Release|Any CPU
		{205E6E43-E2FE-4A18-8DBE-64B123A46C1B}.Debug|Any CPU.ActiveCfg = Debug|Any CPU
		{205E6E43-E2FE-4A18-8DBE-64B123A46C1B}.Debug|Any CPU.Build.0 = Debug|Any CPU
		{205E6E43-E2FE-4A18-8DBE-64B123A46C1B}.Release|Any CPU.ActiveCfg = Release|Any CPU
		{205E6E43-E2FE-4A18-8DBE-64B123A46C1B}.Release|Any CPU.Build.0 = Release|Any CPU
		{FB2B317E-F634-4CAA-8579-82995A2AE06F}.Debug|Any CPU.ActiveCfg = Debug|Any CPU
		{FB2B317E-F634-4CAA-8579-82995A2AE06F}.Debug|Any CPU.Build.0 = Debug|Any CPU
		{FB2B317E-F634-4CAA-8579-82995A2AE06F}.Release|Any CPU.ActiveCfg = Release|Any CPU
		{FB2B317E-F634-4CAA-8579-82995A2AE06F}.Release|Any CPU.Build.0 = Release|Any CPU
		{9B5367C3-62EE-47D8-8FF5-3698C749EA2D}.Debug|Any CPU.ActiveCfg = Debug|Any CPU
		{9B5367C3-62EE-47D8-8FF5-3698C749EA2D}.Debug|Any CPU.Build.0 = Debug|Any CPU
		{9B5367C3-62EE-47D8-8FF5-3698C749EA2D}.Release|Any CPU.ActiveCfg = Release|Any CPU
		{9B5367C3-62EE-47D8-8FF5-3698C749EA2D}.Release|Any CPU.Build.0 = Release|Any CPU
		{831FE350-F95D-47CF-A2C8-9CB4AD7D61D6}.Debug|Any CPU.ActiveCfg = Debug|Any CPU
		{831FE350-F95D-47CF-A2C8-9CB4AD7D61D6}.Debug|Any CPU.Build.0 = Debug|Any CPU
		{831FE350-F95D-47CF-A2C8-9CB4AD7D61D6}.Release|Any CPU.ActiveCfg = Release|Any CPU
		{831FE350-F95D-47CF-A2C8-9CB4AD7D61D6}.Release|Any CPU.Build.0 = Release|Any CPU
		{623C2EAD-ADFC-424A-8C27-5E2379B8A54F}.Debug|Any CPU.ActiveCfg = Debug|Any CPU
		{623C2EAD-ADFC-424A-8C27-5E2379B8A54F}.Debug|Any CPU.Build.0 = Debug|Any CPU
		{623C2EAD-ADFC-424A-8C27-5E2379B8A54F}.Release|Any CPU.ActiveCfg = Release|Any CPU
		{623C2EAD-ADFC-424A-8C27-5E2379B8A54F}.Release|Any CPU.Build.0 = Release|Any CPU
	EndGlobalSection
	GlobalSection(SolutionProperties) = preSolution
		HideSolutionNode = FALSE
	EndGlobalSection
	GlobalSection(ExtensibilityGlobals) = postSolution
		SolutionGuid = {0E45E397-1E53-4743-B5F5-91C81BF60371}
	EndGlobalSection
EndGlobal
