
Microsoft Visual Studio Solution File, Format Version 12.00
# Visual Studio Version 16
VisualStudioVersion = 16.0.30907.101
MinimumVisualStudioVersion = 10.0.40219.1
Project("{9A19103F-16F7-4668-BE54-9A1E7A4F7556}") = "Animals", "Animals\Animals.csproj", "{EF9C38A0-2C63-488B-AF8D-0E5A221A14D7}"
EndProject
Project("{9A19103F-16F7-4668-BE54-9A1E7A4F7556}") = "Shapes", "Shapes\Shapes.csproj", "{00E82D0F-90C4-47DD-AEB6-C15AC6296890}"
EndProject
Project("{FAE04EC0-301F-11D3-BF4B-00C04F79EFBC}") = "MathOperation", "MathOperation\MathOperation.csproj", "{FAE2B3E7-01EE-4B96-9390-68C70F3DBFB0}"
EndProject
Global
	GlobalSection(SolutionConfigurationPlatforms) = preSolution
		Debug|Any CPU = Debug|Any CPU
		Release|Any CPU = Release|Any CPU
	EndGlobalSection
	GlobalSection(ProjectConfigurationPlatforms) = postSolution
		{EF9C38A0-2C63-488B-AF8D-0E5A221A14D7}.Debug|Any CPU.ActiveCfg = Debug|Any CPU
		{EF9C38A0-2C63-488B-AF8D-0E5A221A14D7}.Debug|Any CPU.Build.0 = Debug|Any CPU
		{EF9C38A0-2C63-488B-AF8D-0E5A221A14D7}.Release|Any CPU.ActiveCfg = Release|Any CPU
		{EF9C38A0-2C63-488B-AF8D-0E5A221A14D7}.Release|Any CPU.Build.0 = Release|Any CPU
		{00E82D0F-90C4-47DD-AEB6-C15AC6296890}.Debug|Any CPU.ActiveCfg = Debug|Any CPU
		{00E82D0F-90C4-47DD-AEB6-C15AC6296890}.Debug|Any CPU.Build.0 = Debug|Any CPU
		{00E82D0F-90C4-47DD-AEB6-C15AC6296890}.Release|Any CPU.ActiveCfg = Release|Any CPU
		{00E82D0F-90C4-47DD-AEB6-C15AC6296890}.Release|Any CPU.Build.0 = Release|Any CPU
		{FAE2B3E7-01EE-4B96-9390-68C70F3DBFB0}.Debug|Any CPU.ActiveCfg = Debug|Any CPU
		{FAE2B3E7-01EE-4B96-9390-68C70F3DBFB0}.Debug|Any CPU.Build.0 = Debug|Any CPU
		{FAE2B3E7-01EE-4B96-9390-68C70F3DBFB0}.Release|Any CPU.ActiveCfg = Release|Any CPU
		{FAE2B3E7-01EE-4B96-9390-68C70F3DBFB0}.Release|Any CPU.Build.0 = Release|Any CPU
	EndGlobalSection
	GlobalSection(SolutionProperties) = preSolution
		HideSolutionNode = FALSE
	EndGlobalSection
	GlobalSection(ExtensibilityGlobals) = postSolution
		SolutionGuid = {DBC7706D-EFD2-4C47-AABD-F649C9F5DD4A}
	EndGlobalSection
EndGlobal
