
Microsoft Visual Studio Solution File, Format Version 12.00
# Visual Studio Version 16
VisualStudioVersion = 16.0.30907.101
MinimumVisualStudioVersion = 10.0.40219.1
Project("{FAE04EC0-301F-11D3-BF4B-00C04F79EFBC}") = "Scheduling", "Scheduling\Scheduling.csproj", "{C62013F4-7CAC-4AE6-984E-82F05661B20D}"
EndProject
Project("{FAE04EC0-301F-11D3-BF4B-00C04F79EFBC}") = "Garden", "Garden\Garden.csproj", "{FD77668F-044C-4244-8617-61A62FC1486C}"
EndProject
Global
	GlobalSection(SolutionConfigurationPlatforms) = preSolution
		Debug|Any CPU = Debug|Any CPU
		Release|Any CPU = Release|Any CPU
	EndGlobalSection
	GlobalSection(ProjectConfigurationPlatforms) = postSolution
		{C62013F4-7CAC-4AE6-984E-82F05661B20D}.Debug|Any CPU.ActiveCfg = Debug|Any CPU
		{C62013F4-7CAC-4AE6-984E-82F05661B20D}.Debug|Any CPU.Build.0 = Debug|Any CPU
		{C62013F4-7CAC-4AE6-984E-82F05661B20D}.Release|Any CPU.ActiveCfg = Release|Any CPU
		{C62013F4-7CAC-4AE6-984E-82F05661B20D}.Release|Any CPU.Build.0 = Release|Any CPU
		{FD77668F-044C-4244-8617-61A62FC1486C}.Debug|Any CPU.ActiveCfg = Debug|Any CPU
		{FD77668F-044C-4244-8617-61A62FC1486C}.Debug|Any CPU.Build.0 = Debug|Any CPU
		{FD77668F-044C-4244-8617-61A62FC1486C}.Release|Any CPU.ActiveCfg = Release|Any CPU
		{FD77668F-044C-4244-8617-61A62FC1486C}.Release|Any CPU.Build.0 = Release|Any CPU
	EndGlobalSection
	GlobalSection(SolutionProperties) = preSolution
		HideSolutionNode = FALSE
	EndGlobalSection
	GlobalSection(ExtensibilityGlobals) = postSolution
		SolutionGuid = {56DA1622-F85E-42AD-954F-A5023A186608}
	EndGlobalSection
EndGlobal
