
Microsoft Visual Studio Solution File, Format Version 12.00
# Visual Studio Version 16
VisualStudioVersion = 16.0.30907.101
MinimumVisualStudioVersion = 10.0.40219.1
Project("{FAE04EC0-301F-11D3-BF4B-00C04F79EFBC}") = "01.Masterchef", "01.Masterchef\01.Masterchef.csproj", "{31594DFF-41FA-468A-B648-BE6627BE23A1}"
EndProject
Project("{FAE04EC0-301F-11D3-BF4B-00C04F79EFBC}") = "02.Survivor", "02.Survivor\02.Survivor.csproj", "{26550511-BB1D-4C79-A2B0-3E0A4F697C3E}"
EndProject
Global
	GlobalSection(SolutionConfigurationPlatforms) = preSolution
		Debug|Any CPU = Debug|Any CPU
		Release|Any CPU = Release|Any CPU
	EndGlobalSection
	GlobalSection(ProjectConfigurationPlatforms) = postSolution
		{31594DFF-41FA-468A-B648-BE6627BE23A1}.Debug|Any CPU.ActiveCfg = Debug|Any CPU
		{31594DFF-41FA-468A-B648-BE6627BE23A1}.Debug|Any CPU.Build.0 = Debug|Any CPU
		{31594DFF-41FA-468A-B648-BE6627BE23A1}.Release|Any CPU.ActiveCfg = Release|Any CPU
		{31594DFF-41FA-468A-B648-BE6627BE23A1}.Release|Any CPU.Build.0 = Release|Any CPU
		{26550511-BB1D-4C79-A2B0-3E0A4F697C3E}.Debug|Any CPU.ActiveCfg = Debug|Any CPU
		{26550511-BB1D-4C79-A2B0-3E0A4F697C3E}.Debug|Any CPU.Build.0 = Debug|Any CPU
		{26550511-BB1D-4C79-A2B0-3E0A4F697C3E}.Release|Any CPU.ActiveCfg = Release|Any CPU
		{26550511-BB1D-4C79-A2B0-3E0A4F697C3E}.Release|Any CPU.Build.0 = Release|Any CPU
	EndGlobalSection
	GlobalSection(SolutionProperties) = preSolution
		HideSolutionNode = FALSE
	EndGlobalSection
	GlobalSection(ExtensibilityGlobals) = postSolution
		SolutionGuid = {18D7DFF7-D6B5-4EBF-82C3-AD6D579C33B1}
	EndGlobalSection
EndGlobal
