
Microsoft Visual Studio Solution File, Format Version 12.00
# Visual Studio Version 16
VisualStudioVersion = 16.0.30907.101
MinimumVisualStudioVersion = 10.0.40219.1
Project("{FAE04EC0-301F-11D3-BF4B-00C04F79EFBC}") = "IteratorsAndComparators", "LibraryManager\IteratorsAndComparators.csproj", "{893DFC81-CA9C-4572-BD7E-0AD1258D3EDF}"
EndProject
Global
	GlobalSection(SolutionConfigurationPlatforms) = preSolution
		Debug|Any CPU = Debug|Any CPU
		Release|Any CPU = Release|Any CPU
	EndGlobalSection
	GlobalSection(ProjectConfigurationPlatforms) = postSolution
		{893DFC81-CA9C-4572-BD7E-0AD1258D3EDF}.Debug|Any CPU.ActiveCfg = Debug|Any CPU
		{893DFC81-CA9C-4572-BD7E-0AD1258D3EDF}.Debug|Any CPU.Build.0 = Debug|Any CPU
		{893DFC81-CA9C-4572-BD7E-0AD1258D3EDF}.Release|Any CPU.ActiveCfg = Release|Any CPU
		{893DFC81-CA9C-4572-BD7E-0AD1258D3EDF}.Release|Any CPU.Build.0 = Release|Any CPU
	EndGlobalSection
	GlobalSection(SolutionProperties) = preSolution
		HideSolutionNode = FALSE
	EndGlobalSection
	GlobalSection(ExtensibilityGlobals) = postSolution
		SolutionGuid = {1EB9C8B7-F404-4499-84A3-A126E310BE10}
	EndGlobalSection
EndGlobal
